
Microsoft Visual Studio Solution File, Format Version 12.00
# Visual Studio Version 17
VisualStudioVersion = 17.3.32901.215
MinimumVisualStudioVersion = 10.0.40219.1
Project("{FAE04EC0-301F-11D3-BF4B-00C04F79EFBC}") = "ExcelsiorApp", "ExcelsiorApp\ExcelsiorApp.csproj", "{E577E541-0A33-49F8-B01C-E2C687BF0191}"
EndProject
Global
	GlobalSection(SolutionConfigurationPlatforms) = preSolution
		Debug|Any CPU = Debug|Any CPU
		Release|Any CPU = Release|Any CPU
	EndGlobalSection
	GlobalSection(ProjectConfigurationPlatforms) = postSolution
		{E577E541-0A33-49F8-B01C-E2C687BF0191}.Debug|Any CPU.ActiveCfg = Debug|Any CPU
		{E577E541-0A33-49F8-B01C-E2C687BF0191}.Debug|Any CPU.Build.0 = Debug|Any CPU
		{E577E541-0A33-49F8-B01C-E2C687BF0191}.Release|Any CPU.ActiveCfg = Release|Any CPU
		{E577E541-0A33-49F8-B01C-E2C687BF0191}.Release|Any CPU.Build.0 = Release|Any CPU
	EndGlobalSection
	GlobalSection(SolutionProperties) = preSolution
		HideSolutionNode = FALSE
	EndGlobalSection
	GlobalSection(ExtensibilityGlobals) = postSolution
		SolutionGuid = {F7B97091-34E8-4FD7-A022-90B94F6AA6DC}
	EndGlobalSection
EndGlobal
